
Microsoft Visual Studio Solution File, Format Version 12.00
# Visual Studio Version 17
VisualStudioVersion = 17.5.33530.505
MinimumVisualStudioVersion = 10.0.40219.1
Project("{FAE04EC0-301F-11D3-BF4B-00C04F79EFBC}") = "ConsoleApp1", "ConsoleApp1\ConsoleApp1.csproj", "{9FD54D4A-60FA-451F-A90A-B63CF7BFDA7C}"
EndProject
Global
	GlobalSection(SolutionConfigurationPlatforms) = preSolution
		Debug|Any CPU = Debug|Any CPU
		Release|Any CPU = Release|Any CPU
	EndGlobalSection
	GlobalSection(ProjectConfigurationPlatforms) = postSolution
		{9FD54D4A-60FA-451F-A90A-B63CF7BFDA7C}.Debug|Any CPU.ActiveCfg = Debug|Any CPU
		{9FD54D4A-60FA-451F-A90A-B63CF7BFDA7C}.Debug|Any CPU.Build.0 = Debug|Any CPU
		{9FD54D4A-60FA-451F-A90A-B63CF7BFDA7C}.Release|Any CPU.ActiveCfg = Release|Any CPU
		{9FD54D4A-60FA-451F-A90A-B63CF7BFDA7C}.Release|Any CPU.Build.0 = Release|Any CPU
	EndGlobalSection
	GlobalSection(SolutionProperties) = preSolution
		HideSolutionNode = FALSE
	EndGlobalSection
	GlobalSection(ExtensibilityGlobals) = postSolution
		SolutionGuid = {4CA9E731-47E7-4EB8-8706-A08F4A23B1B6}
	EndGlobalSection
EndGlobal
